
Microsoft Visual Studio Solution File, Format Version 12.00
# Visual Studio Version 17
VisualStudioVersion = 17.11.35312.102
MinimumVisualStudioVersion = 10.0.40219.1
Project("{FAE04EC0-301F-11D3-BF4B-00C04F79EFBC}") = "GenericClass", "GenericClass.csproj", "{1CF06DA8-C634-4239-A10C-E3636B5C94F6}"
EndProject
Global
	GlobalSection(SolutionConfigurationPlatforms) = preSolution
		Debug|Any CPU = Debug|Any CPU
		Release|Any CPU = Release|Any CPU
	EndGlobalSection
	GlobalSection(ProjectConfigurationPlatforms) = postSolution
		{1CF06DA8-C634-4239-A10C-E3636B5C94F6}.Debug|Any CPU.ActiveCfg = Debug|Any CPU
		{1CF06DA8-C634-4239-A10C-E3636B5C94F6}.Debug|Any CPU.Build.0 = Debug|Any CPU
		{1CF06DA8-C634-4239-A10C-E3636B5C94F6}.Release|Any CPU.ActiveCfg = Release|Any CPU
		{1CF06DA8-C634-4239-A10C-E3636B5C94F6}.Release|Any CPU.Build.0 = Release|Any CPU
	EndGlobalSection
	GlobalSection(SolutionProperties) = preSolution
		HideSolutionNode = FALSE
	EndGlobalSection
	GlobalSection(ExtensibilityGlobals) = postSolution
		SolutionGuid = {5AB0067B-D21C-4343-A192-5AF97E74036C}
	EndGlobalSection
EndGlobal
